
Microsoft Visual Studio Solution File, Format Version 12.00
# Visual Studio 15
VisualStudioVersion = 15.0.27130.2003
MinimumVisualStudioVersion = 10.0.40219.1
Project("{FAE04EC0-301F-11D3-BF4B-00C04F79EFBC}") = "Archivos de texto y archivos binarios", "Archivos de texto y archivos binarios\Archivos de texto y archivos binarios.csproj", "{83DAF39F-AB2D-4C81-84EF-7A3E5550546A}"
EndProject
Project("{2150E333-8FDC-42A3-9474-1A3956D46DE8}") = "Solution Items", "Solution Items", "{63B6A902-6ABD-427A-85D2-A28F7B6F63A2}"
EndProject
Global
	GlobalSection(SolutionConfigurationPlatforms) = preSolution
		Debug|Any CPU = Debug|Any CPU
		Release|Any CPU = Release|Any CPU
	EndGlobalSection
	GlobalSection(ProjectConfigurationPlatforms) = postSolution
		{83DAF39F-AB2D-4C81-84EF-7A3E5550546A}.Debug|Any CPU.ActiveCfg = Debug|Any CPU
		{83DAF39F-AB2D-4C81-84EF-7A3E5550546A}.Debug|Any CPU.Build.0 = Debug|Any CPU
		{83DAF39F-AB2D-4C81-84EF-7A3E5550546A}.Release|Any CPU.ActiveCfg = Release|Any CPU
		{83DAF39F-AB2D-4C81-84EF-7A3E5550546A}.Release|Any CPU.Build.0 = Release|Any CPU
	EndGlobalSection
	GlobalSection(SolutionProperties) = preSolution
		HideSolutionNode = FALSE
	EndGlobalSection
	GlobalSection(ExtensibilityGlobals) = postSolution
		SolutionGuid = {87E4DBD9-0974-4C97-92FD-6D157181F887}
	EndGlobalSection
EndGlobal
